
Microsoft Visual Studio Solution File, Format Version 12.00
# Visual Studio Version 17
VisualStudioVersion = 17.14.36414.22
MinimumVisualStudioVersion = 10.0.40219.1
Project("{FAE04EC0-301F-11D3-BF4B-00C04F79EFBC}") = "RMS.ServiceBusContracts", "RMS.Shared\RMS.ServiceBusContracts.csproj", "{581FC613-6675-476F-ACEA-1FBBD5103D30}"
EndProject
Project("{FAE04EC0-301F-11D3-BF4B-00C04F79EFBC}") = "RMS.CentralApp", "RMS.CentralApp\RMS.CentralApp.csproj", "{DA2BAF07-37C1-4E34-95F9-C35455C606E5}"
EndProject
Project("{FAE04EC0-301F-11D3-BF4B-00C04F79EFBC}") = "RMS.Store", "RMS.Store\RMS.Store.csproj", "{14EDED4C-58DA-62AE-BDDF-6F9A42F25877}"
EndProject
Global
	GlobalSection(SolutionConfigurationPlatforms) = preSolution
		Debug|Any CPU = Debug|Any CPU
		Release|Any CPU = Release|Any CPU
	EndGlobalSection
	GlobalSection(ProjectConfigurationPlatforms) = postSolution
		{581FC613-6675-476F-ACEA-1FBBD5103D30}.Debug|Any CPU.ActiveCfg = Debug|Any CPU
		{581FC613-6675-476F-ACEA-1FBBD5103D30}.Debug|Any CPU.Build.0 = Debug|Any CPU
		{581FC613-6675-476F-ACEA-1FBBD5103D30}.Release|Any CPU.ActiveCfg = Release|Any CPU
		{581FC613-6675-476F-ACEA-1FBBD5103D30}.Release|Any CPU.Build.0 = Release|Any CPU
		{DA2BAF07-37C1-4E34-95F9-C35455C606E5}.Debug|Any CPU.ActiveCfg = Debug|Any CPU
		{DA2BAF07-37C1-4E34-95F9-C35455C606E5}.Debug|Any CPU.Build.0 = Debug|Any CPU
		{DA2BAF07-37C1-4E34-95F9-C35455C606E5}.Release|Any CPU.ActiveCfg = Release|Any CPU
		{DA2BAF07-37C1-4E34-95F9-C35455C606E5}.Release|Any CPU.Build.0 = Release|Any CPU
		{14EDED4C-58DA-62AE-BDDF-6F9A42F25877}.Debug|Any CPU.ActiveCfg = Debug|Any CPU
		{14EDED4C-58DA-62AE-BDDF-6F9A42F25877}.Debug|Any CPU.Build.0 = Debug|Any CPU
		{14EDED4C-58DA-62AE-BDDF-6F9A42F25877}.Release|Any CPU.ActiveCfg = Release|Any CPU
		{14EDED4C-58DA-62AE-BDDF-6F9A42F25877}.Release|Any CPU.Build.0 = Release|Any CPU
	EndGlobalSection
	GlobalSection(SolutionProperties) = preSolution
		HideSolutionNode = FALSE
	EndGlobalSection
	GlobalSection(ExtensibilityGlobals) = postSolution
		SolutionGuid = {98D285E9-539E-4C16-9416-30CBFD622373}
	EndGlobalSection
EndGlobal
